
Microsoft Visual Studio Solution File, Format Version 12.00
# Visual Studio Version 16
VisualStudioVersion = 16.0.29613.14
MinimumVisualStudioVersion = 10.0.40219.1
Project("{FAE04EC0-301F-11D3-BF4B-00C04F79EFBC}") = "CRUDAngular", "CRUDAngular.csproj", "{688CD696-E175-49C5-A633-1DD428F94247}"
EndProject
Global
	GlobalSection(SolutionConfigurationPlatforms) = preSolution
		Debug|Any CPU = Debug|Any CPU
		Release|Any CPU = Release|Any CPU
	EndGlobalSection
	GlobalSection(ProjectConfigurationPlatforms) = postSolution
		{688CD696-E175-49C5-A633-1DD428F94247}.Debug|Any CPU.ActiveCfg = Debug|Any CPU
		{688CD696-E175-49C5-A633-1DD428F94247}.Debug|Any CPU.Build.0 = Debug|Any CPU
		{688CD696-E175-49C5-A633-1DD428F94247}.Release|Any CPU.ActiveCfg = Release|Any CPU
		{688CD696-E175-49C5-A633-1DD428F94247}.Release|Any CPU.Build.0 = Release|Any CPU
	EndGlobalSection
	GlobalSection(SolutionProperties) = preSolution
		HideSolutionNode = FALSE
	EndGlobalSection
	GlobalSection(ExtensibilityGlobals) = postSolution
		SolutionGuid = {F05E9844-085C-4C57-9DC2-41A77AD25B92}
	EndGlobalSection
EndGlobal
